
Microsoft Visual Studio Solution File, Format Version 12.00
# Visual Studio 15
VisualStudioVersion = 15.0.27428.2005
MinimumVisualStudioVersion = 10.0.40219.1
Project("{8BC9CEB8-8B4A-11D0-8D11-00A0C91BC942}") = "IBEABFHR", "IBEABFHR\IBEABFHR.vcxproj", "{C057B20A-8E7F-4A3C-8D09-78D726D5EF27}"
EndProject
Global
	GlobalSection(SolutionConfigurationPlatforms) = preSolution
		Debug|x64 = Debug|x64
		Debug|x86 = Debug|x86
		Release|x64 = Release|x64
		Release|x86 = Release|x86
	EndGlobalSection
	GlobalSection(ProjectConfigurationPlatforms) = postSolution
		{C057B20A-8E7F-4A3C-8D09-78D726D5EF27}.Debug|x64.ActiveCfg = Debug|x64
		{C057B20A-8E7F-4A3C-8D09-78D726D5EF27}.Debug|x64.Build.0 = Debug|x64
		{C057B20A-8E7F-4A3C-8D09-78D726D5EF27}.Debug|x86.ActiveCfg = Debug|Win32
		{C057B20A-8E7F-4A3C-8D09-78D726D5EF27}.Debug|x86.Build.0 = Debug|Win32
		{C057B20A-8E7F-4A3C-8D09-78D726D5EF27}.Release|x64.ActiveCfg = Release|x64
		{C057B20A-8E7F-4A3C-8D09-78D726D5EF27}.Release|x64.Build.0 = Release|x64
		{C057B20A-8E7F-4A3C-8D09-78D726D5EF27}.Release|x86.ActiveCfg = Release|Win32
		{C057B20A-8E7F-4A3C-8D09-78D726D5EF27}.Release|x86.Build.0 = Release|Win32
	EndGlobalSection
	GlobalSection(SolutionProperties) = preSolution
		HideSolutionNode = FALSE
	EndGlobalSection
	GlobalSection(ExtensibilityGlobals) = postSolution
		SolutionGuid = {962A18C5-F0D6-46B2-B5A8-68994F484F1D}
	EndGlobalSection
EndGlobal
